
Microsoft Visual Studio Solution File, Format Version 12.00
# Visual Studio Version 16
VisualStudioVersion = 16.0.30621.155
MinimumVisualStudioVersion = 10.0.40219.1
Project("{FAE04EC0-301F-11D3-BF4B-00C04F79EFBC}") = "exceptionHandling", "exceptionHandling\exceptionHandling.csproj", "{753BC02D-0DC9-4E9C-90E7-CD5290807FD3}"
EndProject
Global
	GlobalSection(SolutionConfigurationPlatforms) = preSolution
		Debug|Any CPU = Debug|Any CPU
		Release|Any CPU = Release|Any CPU
	EndGlobalSection
	GlobalSection(ProjectConfigurationPlatforms) = postSolution
		{753BC02D-0DC9-4E9C-90E7-CD5290807FD3}.Debug|Any CPU.ActiveCfg = Debug|Any CPU
		{753BC02D-0DC9-4E9C-90E7-CD5290807FD3}.Debug|Any CPU.Build.0 = Debug|Any CPU
		{753BC02D-0DC9-4E9C-90E7-CD5290807FD3}.Release|Any CPU.ActiveCfg = Release|Any CPU
		{753BC02D-0DC9-4E9C-90E7-CD5290807FD3}.Release|Any CPU.Build.0 = Release|Any CPU
	EndGlobalSection
	GlobalSection(SolutionProperties) = preSolution
		HideSolutionNode = FALSE
	EndGlobalSection
	GlobalSection(ExtensibilityGlobals) = postSolution
		SolutionGuid = {AF476B23-5FAE-4792-B6F1-5AB180DF307D}
	EndGlobalSection
EndGlobal
